<?xml version="1.0" encoding="UTF-8"?>
<CodeBlocks_project_file>
	<FileVersion major="1" minor="6"/>
	<Project>
		<Option title="bolochain"/>
		<Option makefile_is_custom="1"/>
		<Option compiler="gcc"/>
		<Option virtualFolders="CMake Files\;CMake Files\src\;CMake Files\src\block\;CMake Files\src\mine\;CMake Files\src\crypto\;CMake Files\cmake\;CMake Files\cmake\modules\;CMake Files\test\;"/>
		<Build>
			<Target title="all">
				<Option working_dir="/Users/aijinsong/Documents/projects/com.aijs.cxx/bolochain"/>
				<Option type="4"/>
				<MakeCommands>
					<Build command="/usr/bin/make -f &quot;/Users/aijinsong/Documents/projects/com.aijs.cxx/bolochain/Makefile&quot;  VERBOSE=1 all"/>
					<CompileFile command="/usr/bin/make -f &quot;/Users/aijinsong/Documents/projects/com.aijs.cxx/bolochain/Makefile&quot;  VERBOSE=1 &quot;$file&quot;"/>
					<Clean command="/usr/bin/make -f &quot;/Users/aijinsong/Documents/projects/com.aijs.cxx/bolochain/Makefile&quot;  VERBOSE=1 clean"/>
					<DistClean command="/usr/bin/make -f &quot;/Users/aijinsong/Documents/projects/com.aijs.cxx/bolochain/Makefile&quot;  VERBOSE=1 clean"/>
				</MakeCommands>
			</Target>
			<Target title="rebuild_cache">
				<Option working_dir="/Users/aijinsong/Documents/projects/com.aijs.cxx/bolochain"/>
				<Option type="4"/>
				<MakeCommands>
					<Build command="/usr/bin/make -f &quot;/Users/aijinsong/Documents/projects/com.aijs.cxx/bolochain/Makefile&quot;  VERBOSE=1 rebuild_cache"/>
					<CompileFile command="/usr/bin/make -f &quot;/Users/aijinsong/Documents/projects/com.aijs.cxx/bolochain/Makefile&quot;  VERBOSE=1 &quot;$file&quot;"/>
					<Clean command="/usr/bin/make -f &quot;/Users/aijinsong/Documents/projects/com.aijs.cxx/bolochain/Makefile&quot;  VERBOSE=1 clean"/>
					<DistClean command="/usr/bin/make -f &quot;/Users/aijinsong/Documents/projects/com.aijs.cxx/bolochain/Makefile&quot;  VERBOSE=1 clean"/>
				</MakeCommands>
			</Target>
			<Target title="edit_cache">
				<Option working_dir="/Users/aijinsong/Documents/projects/com.aijs.cxx/bolochain"/>
				<Option type="4"/>
				<MakeCommands>
					<Build command="/usr/bin/make -f &quot;/Users/aijinsong/Documents/projects/com.aijs.cxx/bolochain/Makefile&quot;  VERBOSE=1 edit_cache"/>
					<CompileFile command="/usr/bin/make -f &quot;/Users/aijinsong/Documents/projects/com.aijs.cxx/bolochain/Makefile&quot;  VERBOSE=1 &quot;$file&quot;"/>
					<Clean command="/usr/bin/make -f &quot;/Users/aijinsong/Documents/projects/com.aijs.cxx/bolochain/Makefile&quot;  VERBOSE=1 clean"/>
					<DistClean command="/usr/bin/make -f &quot;/Users/aijinsong/Documents/projects/com.aijs.cxx/bolochain/Makefile&quot;  VERBOSE=1 clean"/>
				</MakeCommands>
			</Target>
			<Target title="bolochain">
				<Option output="/Users/aijinsong/Documents/projects/com.aijs.cxx/bolochain/src/bolochain" prefix_auto="0" extension_auto="0"/>
				<Option working_dir="/Users/aijinsong/Documents/projects/com.aijs.cxx/bolochain/src"/>
				<Option object_output="./"/>
				<Option type="1"/>
				<Option compiler="gcc"/>
				<Compiler>
					<Add directory="/Users/aijinsong/Documents/projects/com.aijs.cxx/bolochain/block"/>
					<Add directory="/Users/aijinsong/Documents/projects/com.aijs.cxx/bolochain/mine"/>
					<Add directory="/Users/aijinsong/Documents/projects/com.aijs.cxx/bolochain/crypto"/>
					<Add directory="/usr/local/include"/>
				</Compiler>
				<MakeCommands>
					<Build command="/usr/bin/make -f &quot;/Users/aijinsong/Documents/projects/com.aijs.cxx/bolochain/src/Makefile&quot;  VERBOSE=1 bolochain"/>
					<CompileFile command="/usr/bin/make -f &quot;/Users/aijinsong/Documents/projects/com.aijs.cxx/bolochain/src/Makefile&quot;  VERBOSE=1 &quot;$file&quot;"/>
					<Clean command="/usr/bin/make -f &quot;/Users/aijinsong/Documents/projects/com.aijs.cxx/bolochain/src/Makefile&quot;  VERBOSE=1 clean"/>
					<DistClean command="/usr/bin/make -f &quot;/Users/aijinsong/Documents/projects/com.aijs.cxx/bolochain/src/Makefile&quot;  VERBOSE=1 clean"/>
				</MakeCommands>
			</Target>
			<Target title="bolochain/fast">
				<Option output="/Users/aijinsong/Documents/projects/com.aijs.cxx/bolochain/src/bolochain" prefix_auto="0" extension_auto="0"/>
				<Option working_dir="/Users/aijinsong/Documents/projects/com.aijs.cxx/bolochain/src"/>
				<Option object_output="./"/>
				<Option type="1"/>
				<Option compiler="gcc"/>
				<Compiler>
					<Add directory="/Users/aijinsong/Documents/projects/com.aijs.cxx/bolochain/block"/>
					<Add directory="/Users/aijinsong/Documents/projects/com.aijs.cxx/bolochain/mine"/>
					<Add directory="/Users/aijinsong/Documents/projects/com.aijs.cxx/bolochain/crypto"/>
					<Add directory="/usr/local/include"/>
				</Compiler>
				<MakeCommands>
					<Build command="/usr/bin/make -f &quot;/Users/aijinsong/Documents/projects/com.aijs.cxx/bolochain/src/Makefile&quot;  VERBOSE=1 bolochain/fast"/>
					<CompileFile command="/usr/bin/make -f &quot;/Users/aijinsong/Documents/projects/com.aijs.cxx/bolochain/src/Makefile&quot;  VERBOSE=1 &quot;$file&quot;"/>
					<Clean command="/usr/bin/make -f &quot;/Users/aijinsong/Documents/projects/com.aijs.cxx/bolochain/src/Makefile&quot;  VERBOSE=1 clean"/>
					<DistClean command="/usr/bin/make -f &quot;/Users/aijinsong/Documents/projects/com.aijs.cxx/bolochain/src/Makefile&quot;  VERBOSE=1 clean"/>
				</MakeCommands>
			</Target>
			<Target title="blockchain">
				<Option output="/Users/aijinsong/Documents/projects/com.aijs.cxx/bolochain/src/block/libblockchain.a" prefix_auto="0" extension_auto="0"/>
				<Option working_dir="/Users/aijinsong/Documents/projects/com.aijs.cxx/bolochain/src/block"/>
				<Option object_output="./"/>
				<Option type="2"/>
				<Option compiler="gcc"/>
				<Compiler>
					<Add directory="/usr/local/include"/>
					<Add directory="/Users/aijinsong/Documents/projects/com.aijs.cxx/bolochain/block"/>
				</Compiler>
				<MakeCommands>
					<Build command="/usr/bin/make -f &quot;/Users/aijinsong/Documents/projects/com.aijs.cxx/bolochain/src/block/Makefile&quot;  VERBOSE=1 blockchain"/>
					<CompileFile command="/usr/bin/make -f &quot;/Users/aijinsong/Documents/projects/com.aijs.cxx/bolochain/src/block/Makefile&quot;  VERBOSE=1 &quot;$file&quot;"/>
					<Clean command="/usr/bin/make -f &quot;/Users/aijinsong/Documents/projects/com.aijs.cxx/bolochain/src/block/Makefile&quot;  VERBOSE=1 clean"/>
					<DistClean command="/usr/bin/make -f &quot;/Users/aijinsong/Documents/projects/com.aijs.cxx/bolochain/src/block/Makefile&quot;  VERBOSE=1 clean"/>
				</MakeCommands>
			</Target>
			<Target title="blockchain/fast">
				<Option output="/Users/aijinsong/Documents/projects/com.aijs.cxx/bolochain/src/block/libblockchain.a" prefix_auto="0" extension_auto="0"/>
				<Option working_dir="/Users/aijinsong/Documents/projects/com.aijs.cxx/bolochain/src/block"/>
				<Option object_output="./"/>
				<Option type="2"/>
				<Option compiler="gcc"/>
				<Compiler>
					<Add directory="/usr/local/include"/>
					<Add directory="/Users/aijinsong/Documents/projects/com.aijs.cxx/bolochain/block"/>
				</Compiler>
				<MakeCommands>
					<Build command="/usr/bin/make -f &quot;/Users/aijinsong/Documents/projects/com.aijs.cxx/bolochain/src/block/Makefile&quot;  VERBOSE=1 blockchain/fast"/>
					<CompileFile command="/usr/bin/make -f &quot;/Users/aijinsong/Documents/projects/com.aijs.cxx/bolochain/src/block/Makefile&quot;  VERBOSE=1 &quot;$file&quot;"/>
					<Clean command="/usr/bin/make -f &quot;/Users/aijinsong/Documents/projects/com.aijs.cxx/bolochain/src/block/Makefile&quot;  VERBOSE=1 clean"/>
					<DistClean command="/usr/bin/make -f &quot;/Users/aijinsong/Documents/projects/com.aijs.cxx/bolochain/src/block/Makefile&quot;  VERBOSE=1 clean"/>
				</MakeCommands>
			</Target>
			<Target title="block">
				<Option output="/Users/aijinsong/Documents/projects/com.aijs.cxx/bolochain/src/block/libblock.a" prefix_auto="0" extension_auto="0"/>
				<Option working_dir="/Users/aijinsong/Documents/projects/com.aijs.cxx/bolochain/src/block"/>
				<Option object_output="./"/>
				<Option type="2"/>
				<Option compiler="gcc"/>
				<Compiler>
					<Add directory="/usr/local/include"/>
					<Add directory="/Users/aijinsong/Documents/projects/com.aijs.cxx/bolochain/block"/>
				</Compiler>
				<MakeCommands>
					<Build command="/usr/bin/make -f &quot;/Users/aijinsong/Documents/projects/com.aijs.cxx/bolochain/src/block/Makefile&quot;  VERBOSE=1 block"/>
					<CompileFile command="/usr/bin/make -f &quot;/Users/aijinsong/Documents/projects/com.aijs.cxx/bolochain/src/block/Makefile&quot;  VERBOSE=1 &quot;$file&quot;"/>
					<Clean command="/usr/bin/make -f &quot;/Users/aijinsong/Documents/projects/com.aijs.cxx/bolochain/src/block/Makefile&quot;  VERBOSE=1 clean"/>
					<DistClean command="/usr/bin/make -f &quot;/Users/aijinsong/Documents/projects/com.aijs.cxx/bolochain/src/block/Makefile&quot;  VERBOSE=1 clean"/>
				</MakeCommands>
			</Target>
			<Target title="block/fast">
				<Option output="/Users/aijinsong/Documents/projects/com.aijs.cxx/bolochain/src/block/libblock.a" prefix_auto="0" extension_auto="0"/>
				<Option working_dir="/Users/aijinsong/Documents/projects/com.aijs.cxx/bolochain/src/block"/>
				<Option object_output="./"/>
				<Option type="2"/>
				<Option compiler="gcc"/>
				<Compiler>
					<Add directory="/usr/local/include"/>
					<Add directory="/Users/aijinsong/Documents/projects/com.aijs.cxx/bolochain/block"/>
				</Compiler>
				<MakeCommands>
					<Build command="/usr/bin/make -f &quot;/Users/aijinsong/Documents/projects/com.aijs.cxx/bolochain/src/block/Makefile&quot;  VERBOSE=1 block/fast"/>
					<CompileFile command="/usr/bin/make -f &quot;/Users/aijinsong/Documents/projects/com.aijs.cxx/bolochain/src/block/Makefile&quot;  VERBOSE=1 &quot;$file&quot;"/>
					<Clean command="/usr/bin/make -f &quot;/Users/aijinsong/Documents/projects/com.aijs.cxx/bolochain/src/block/Makefile&quot;  VERBOSE=1 clean"/>
					<DistClean command="/usr/bin/make -f &quot;/Users/aijinsong/Documents/projects/com.aijs.cxx/bolochain/src/block/Makefile&quot;  VERBOSE=1 clean"/>
				</MakeCommands>
			</Target>
			<Target title="miner">
				<Option output="/Users/aijinsong/Documents/projects/com.aijs.cxx/bolochain/src/mine/libminer.a" prefix_auto="0" extension_auto="0"/>
				<Option working_dir="/Users/aijinsong/Documents/projects/com.aijs.cxx/bolochain/src/mine"/>
				<Option object_output="./"/>
				<Option type="2"/>
				<Option compiler="gcc"/>
				<Compiler>
					<Add directory="/usr/local/include"/>
					<Add directory="/Users/aijinsong/Documents/projects/com.aijs.cxx/bolochain/block"/>
					<Add directory="/Users/aijinsong/Documents/projects/com.aijs.cxx/bolochain/mine"/>
				</Compiler>
				<MakeCommands>
					<Build command="/usr/bin/make -f &quot;/Users/aijinsong/Documents/projects/com.aijs.cxx/bolochain/src/mine/Makefile&quot;  VERBOSE=1 miner"/>
					<CompileFile command="/usr/bin/make -f &quot;/Users/aijinsong/Documents/projects/com.aijs.cxx/bolochain/src/mine/Makefile&quot;  VERBOSE=1 &quot;$file&quot;"/>
					<Clean command="/usr/bin/make -f &quot;/Users/aijinsong/Documents/projects/com.aijs.cxx/bolochain/src/mine/Makefile&quot;  VERBOSE=1 clean"/>
					<DistClean command="/usr/bin/make -f &quot;/Users/aijinsong/Documents/projects/com.aijs.cxx/bolochain/src/mine/Makefile&quot;  VERBOSE=1 clean"/>
				</MakeCommands>
			</Target>
			<Target title="miner/fast">
				<Option output="/Users/aijinsong/Documents/projects/com.aijs.cxx/bolochain/src/mine/libminer.a" prefix_auto="0" extension_auto="0"/>
				<Option working_dir="/Users/aijinsong/Documents/projects/com.aijs.cxx/bolochain/src/mine"/>
				<Option object_output="./"/>
				<Option type="2"/>
				<Option compiler="gcc"/>
				<Compiler>
					<Add directory="/usr/local/include"/>
					<Add directory="/Users/aijinsong/Documents/projects/com.aijs.cxx/bolochain/block"/>
					<Add directory="/Users/aijinsong/Documents/projects/com.aijs.cxx/bolochain/mine"/>
				</Compiler>
				<MakeCommands>
					<Build command="/usr/bin/make -f &quot;/Users/aijinsong/Documents/projects/com.aijs.cxx/bolochain/src/mine/Makefile&quot;  VERBOSE=1 miner/fast"/>
					<CompileFile command="/usr/bin/make -f &quot;/Users/aijinsong/Documents/projects/com.aijs.cxx/bolochain/src/mine/Makefile&quot;  VERBOSE=1 &quot;$file&quot;"/>
					<Clean command="/usr/bin/make -f &quot;/Users/aijinsong/Documents/projects/com.aijs.cxx/bolochain/src/mine/Makefile&quot;  VERBOSE=1 clean"/>
					<DistClean command="/usr/bin/make -f &quot;/Users/aijinsong/Documents/projects/com.aijs.cxx/bolochain/src/mine/Makefile&quot;  VERBOSE=1 clean"/>
				</MakeCommands>
			</Target>
			<Target title="sha256utils">
				<Option output="/Users/aijinsong/Documents/projects/com.aijs.cxx/bolochain/src/crypto/libsha256utils.a" prefix_auto="0" extension_auto="0"/>
				<Option working_dir="/Users/aijinsong/Documents/projects/com.aijs.cxx/bolochain/src/crypto"/>
				<Option object_output="./"/>
				<Option type="2"/>
				<Option compiler="gcc"/>
				<Compiler>
					<Add directory="/usr/local/include"/>
					<Add directory="/Users/aijinsong/Documents/projects/com.aijs.cxx/bolochain/block"/>
					<Add directory="/Users/aijinsong/Documents/projects/com.aijs.cxx/bolochain/mine"/>
					<Add directory="/Users/aijinsong/Documents/projects/com.aijs.cxx/bolochain/crypto"/>
				</Compiler>
				<MakeCommands>
					<Build command="/usr/bin/make -f &quot;/Users/aijinsong/Documents/projects/com.aijs.cxx/bolochain/src/crypto/Makefile&quot;  VERBOSE=1 sha256utils"/>
					<CompileFile command="/usr/bin/make -f &quot;/Users/aijinsong/Documents/projects/com.aijs.cxx/bolochain/src/crypto/Makefile&quot;  VERBOSE=1 &quot;$file&quot;"/>
					<Clean command="/usr/bin/make -f &quot;/Users/aijinsong/Documents/projects/com.aijs.cxx/bolochain/src/crypto/Makefile&quot;  VERBOSE=1 clean"/>
					<DistClean command="/usr/bin/make -f &quot;/Users/aijinsong/Documents/projects/com.aijs.cxx/bolochain/src/crypto/Makefile&quot;  VERBOSE=1 clean"/>
				</MakeCommands>
			</Target>
			<Target title="sha256utils/fast">
				<Option output="/Users/aijinsong/Documents/projects/com.aijs.cxx/bolochain/src/crypto/libsha256utils.a" prefix_auto="0" extension_auto="0"/>
				<Option working_dir="/Users/aijinsong/Documents/projects/com.aijs.cxx/bolochain/src/crypto"/>
				<Option object_output="./"/>
				<Option type="2"/>
				<Option compiler="gcc"/>
				<Compiler>
					<Add directory="/usr/local/include"/>
					<Add directory="/Users/aijinsong/Documents/projects/com.aijs.cxx/bolochain/block"/>
					<Add directory="/Users/aijinsong/Documents/projects/com.aijs.cxx/bolochain/mine"/>
					<Add directory="/Users/aijinsong/Documents/projects/com.aijs.cxx/bolochain/crypto"/>
				</Compiler>
				<MakeCommands>
					<Build command="/usr/bin/make -f &quot;/Users/aijinsong/Documents/projects/com.aijs.cxx/bolochain/src/crypto/Makefile&quot;  VERBOSE=1 sha256utils/fast"/>
					<CompileFile command="/usr/bin/make -f &quot;/Users/aijinsong/Documents/projects/com.aijs.cxx/bolochain/src/crypto/Makefile&quot;  VERBOSE=1 &quot;$file&quot;"/>
					<Clean command="/usr/bin/make -f &quot;/Users/aijinsong/Documents/projects/com.aijs.cxx/bolochain/src/crypto/Makefile&quot;  VERBOSE=1 clean"/>
					<DistClean command="/usr/bin/make -f &quot;/Users/aijinsong/Documents/projects/com.aijs.cxx/bolochain/src/crypto/Makefile&quot;  VERBOSE=1 clean"/>
				</MakeCommands>
			</Target>
		</Build>
		<Unit filename="/Users/aijinsong/Documents/projects/com.aijs.cxx/bolochain/src/block/block.cpp">
			<Option target="block"/>
		</Unit>
		<Unit filename="/Users/aijinsong/Documents/projects/com.aijs.cxx/bolochain/src/block/block.h">
			<Option target="block"/>
		</Unit>
		<Unit filename="/Users/aijinsong/Documents/projects/com.aijs.cxx/bolochain/src/block/blockchain.cpp">
			<Option target="blockchain"/>
		</Unit>
		<Unit filename="/Users/aijinsong/Documents/projects/com.aijs.cxx/bolochain/src/block/blockchain.h">
			<Option target="blockchain"/>
		</Unit>
		<Unit filename="/Users/aijinsong/Documents/projects/com.aijs.cxx/bolochain/src/crypto/sha256utils.cpp">
			<Option target="sha256utils"/>
		</Unit>
		<Unit filename="/Users/aijinsong/Documents/projects/com.aijs.cxx/bolochain/src/crypto/sha256utils.h">
			<Option target="sha256utils"/>
		</Unit>
		<Unit filename="/Users/aijinsong/Documents/projects/com.aijs.cxx/bolochain/src/main.cpp">
			<Option target="bolochain"/>
		</Unit>
		<Unit filename="/Users/aijinsong/Documents/projects/com.aijs.cxx/bolochain/src/mine/miner.cpp">
			<Option target="miner"/>
		</Unit>
		<Unit filename="/Users/aijinsong/Documents/projects/com.aijs.cxx/bolochain/src/mine/miner.h">
			<Option target="miner"/>
		</Unit>
		<Unit filename="/Users/aijinsong/Documents/projects/com.aijs.cxx/bolochain/CMakeLists.txt">
			<Option virtualFolder="CMake Files\"/>
		</Unit>
		<Unit filename="/Users/aijinsong/Documents/projects/com.aijs.cxx/bolochain/src/CMakeLists.txt">
			<Option virtualFolder="CMake Files\src\"/>
		</Unit>
		<Unit filename="/Users/aijinsong/Documents/projects/com.aijs.cxx/bolochain/src/block/CMakeLists.txt">
			<Option virtualFolder="CMake Files\src\block\"/>
		</Unit>
		<Unit filename="/Users/aijinsong/Documents/projects/com.aijs.cxx/bolochain/src/mine/CMakeLists.txt">
			<Option virtualFolder="CMake Files\src\mine\"/>
		</Unit>
		<Unit filename="/Users/aijinsong/Documents/projects/com.aijs.cxx/bolochain/src/crypto/CMakeLists.txt">
			<Option virtualFolder="CMake Files\src\crypto\"/>
		</Unit>
		<Unit filename="/Users/aijinsong/Documents/projects/com.aijs.cxx/bolochain/cmake/modules/FindCryptoPP.cmake">
			<Option virtualFolder="CMake Files\cmake\modules\"/>
		</Unit>
		<Unit filename="/Users/aijinsong/Documents/projects/com.aijs.cxx/bolochain/test/CMakeLists.txt">
			<Option virtualFolder="CMake Files\test\"/>
		</Unit>
	</Project>
</CodeBlocks_project_file>
